// !$*UTF8*$!
{
	archiveVersion = 1;
	classes = {
	};
	objectVersion = 51;
	objects = {

/* Begin PBXBuildFile section */
		AB90BC8A0072EC3901E716D2 /* Pods_AppEmpresas.framework in Frameworks */ = {isa = PBXBuildFile; fileRef = F342BAD325D3BA36B847F56A /* Pods_AppEmpresas.framework */; };
		D1E48F664E971CBD336A463A /* Pods_AppEmpresas_AppEmpresasUITests.framework in Frameworks */ = {isa = PBXBuildFile; fileRef = EB3D04FA58C5BCCC3C992164 /* Pods_AppEmpresas_AppEmpresasUITests.framework */; };
		E863D5F6B86CB901AD2F6A22 /* Pods_AppEmpresasTests.framework in Frameworks */ = {isa = PBXBuildFile; fileRef = B7AD13BDF0A3ABE5358F9F61 /* Pods_AppEmpresasTests.framework */; };
		FE363DF3251FD9D600DABE8E /* AuthKeyChainManager.swift in Sources */ = {isa = PBXBuildFile; fileRef = FE363DF2251FD9D600DABE8E /* AuthKeyChainManager.swift */; };
		FE363DF8251FDEA600DABE8E /* AuthCredentials.swift in Sources */ = {isa = PBXBuildFile; fileRef = FE363DF7251FDEA600DABE8E /* AuthCredentials.swift */; };
		FE739DC8251F76AA00C3A30E /* Dictionary+Add.swift in Sources */ = {isa = PBXBuildFile; fileRef = FE739DC7251F76AA00C3A30E /* Dictionary+Add.swift */; };
		FE8C54AB251FEE5500AD8CE9 /* AuthPlugin.swift in Sources */ = {isa = PBXBuildFile; fileRef = FE8C54AA251FEE5500AD8CE9 /* AuthPlugin.swift */; };
		FE8C54B3251FF1C500AD8CE9 /* AuthViewController.swift in Sources */ = {isa = PBXBuildFile; fileRef = FE8C54B1251FF1C500AD8CE9 /* AuthViewController.swift */; };
		FE8C54B4251FF1C500AD8CE9 /* AuthViewController.xib in Resources */ = {isa = PBXBuildFile; fileRef = FE8C54B2251FF1C500AD8CE9 /* AuthViewController.xib */; };
		FE8C54BF251FF2BE00AD8CE9 /* LoadingView.swift in Sources */ = {isa = PBXBuildFile; fileRef = FE8C54BE251FF2BE00AD8CE9 /* LoadingView.swift */; };
		FE8C54E0252005C000AD8CE9 /* UIView+AddSubviewAndSetupConstraints.swift in Sources */ = {isa = PBXBuildFile; fileRef = FE8C54DF252005C000AD8CE9 /* UIView+AddSubviewAndSetupConstraints.swift */; };
		FE8C55012520193200AD8CE9 /* Rubik-BlackItalic.ttf in Resources */ = {isa = PBXBuildFile; fileRef = FE8C54F32520193100AD8CE9 /* Rubik-BlackItalic.ttf */; };
		FE8C55022520193200AD8CE9 /* Rubik-MediumItalic.ttf in Resources */ = {isa = PBXBuildFile; fileRef = FE8C54F42520193100AD8CE9 /* Rubik-MediumItalic.ttf */; };
		FE8C55032520193200AD8CE9 /* Rubik-Medium.ttf in Resources */ = {isa = PBXBuildFile; fileRef = FE8C54F52520193100AD8CE9 /* Rubik-Medium.ttf */; };
		FE8C55042520193200AD8CE9 /* Rubik-ExtraBoldItalic.ttf in Resources */ = {isa = PBXBuildFile; fileRef = FE8C54F62520193100AD8CE9 /* Rubik-ExtraBoldItalic.ttf */; };
		FE8C55052520193200AD8CE9 /* Rubik-Light.ttf in Resources */ = {isa = PBXBuildFile; fileRef = FE8C54F72520193100AD8CE9 /* Rubik-Light.ttf */; };
		FE8C55062520193200AD8CE9 /* Rubik-BoldItalic.ttf in Resources */ = {isa = PBXBuildFile; fileRef = FE8C54F82520193100AD8CE9 /* Rubik-BoldItalic.ttf */; };
		FE8C55072520193200AD8CE9 /* Rubik-Italic.ttf in Resources */ = {isa = PBXBuildFile; fileRef = FE8C54F92520193100AD8CE9 /* Rubik-Italic.ttf */; };
		FE8C55082520193200AD8CE9 /* Rubik-SemiBold.ttf in Resources */ = {isa = PBXBuildFile; fileRef = FE8C54FA2520193200AD8CE9 /* Rubik-SemiBold.ttf */; };
		FE8C55092520193200AD8CE9 /* Rubik-Black.ttf in Resources */ = {isa = PBXBuildFile; fileRef = FE8C54FB2520193200AD8CE9 /* Rubik-Black.ttf */; };
		FE8C550A2520193200AD8CE9 /* Rubik-ExtraBold.ttf in Resources */ = {isa = PBXBuildFile; fileRef = FE8C54FC2520193200AD8CE9 /* Rubik-ExtraBold.ttf */; };
		FE8C550B2520193200AD8CE9 /* Rubik-Bold.ttf in Resources */ = {isa = PBXBuildFile; fileRef = FE8C54FD2520193200AD8CE9 /* Rubik-Bold.ttf */; };
		FE8C550C2520193200AD8CE9 /* Rubik-SemiBoldItalic.ttf in Resources */ = {isa = PBXBuildFile; fileRef = FE8C54FE2520193200AD8CE9 /* Rubik-SemiBoldItalic.ttf */; };
		FE8C550D2520193200AD8CE9 /* Rubik-LightItalic.ttf in Resources */ = {isa = PBXBuildFile; fileRef = FE8C54FF2520193200AD8CE9 /* Rubik-LightItalic.ttf */; };
		FE8C550E2520193200AD8CE9 /* Rubik-Regular.ttf in Resources */ = {isa = PBXBuildFile; fileRef = FE8C55002520193200AD8CE9 /* Rubik-Regular.ttf */; };
		FE8C551825201B8D00AD8CE9 /* UIColor+CustomColors.swift in Sources */ = {isa = PBXBuildFile; fileRef = FE8C551725201B8D00AD8CE9 /* UIColor+CustomColors.swift */; };
		FE8C552F252024A900AD8CE9 /* TextInputView.swift in Sources */ = {isa = PBXBuildFile; fileRef = FE8C552E252024A900AD8CE9 /* TextInputView.swift */; };
		FE8C55342520253800AD8CE9 /* TextInputView.xib in Resources */ = {isa = PBXBuildFile; fileRef = FE8C55332520253800AD8CE9 /* TextInputView.xib */; };
		FE90F0C7251EB762006F6691 /* AppDelegate.swift in Sources */ = {isa = PBXBuildFile; fileRef = FE90F0C6251EB762006F6691 /* AppDelegate.swift */; };
		FE90F0C9251EB762006F6691 /* SceneDelegate.swift in Sources */ = {isa = PBXBuildFile; fileRef = FE90F0C8251EB762006F6691 /* SceneDelegate.swift */; };
		FE90F0D0251EB767006F6691 /* Assets.xcassets in Resources */ = {isa = PBXBuildFile; fileRef = FE90F0CF251EB767006F6691 /* Assets.xcassets */; };
		FE90F0D3251EB767006F6691 /* LaunchScreen.storyboard in Resources */ = {isa = PBXBuildFile; fileRef = FE90F0D1251EB767006F6691 /* LaunchScreen.storyboard */; };
		FE90F0DE251EB767006F6691 /* AppEmpresasTests.swift in Sources */ = {isa = PBXBuildFile; fileRef = FE90F0DD251EB767006F6691 /* AppEmpresasTests.swift */; };
		FE90F0E9251EB767006F6691 /* AppEmpresasUITests.swift in Sources */ = {isa = PBXBuildFile; fileRef = FE90F0E8251EB767006F6691 /* AppEmpresasUITests.swift */; };
		FE9267D725224EEC00884448 /* EnterpriseDetailsViewController.swift in Sources */ = {isa = PBXBuildFile; fileRef = FE9267D525224EEC00884448 /* EnterpriseDetailsViewController.swift */; };
		FE9267D825224EEC00884448 /* EnterpriseDetailsViewController.xib in Resources */ = {isa = PBXBuildFile; fileRef = FE9267D625224EEC00884448 /* EnterpriseDetailsViewController.xib */; };
		FEA3A24A251ECA8B009B4994 /* EnterpriseDataManager.swift in Sources */ = {isa = PBXBuildFile; fileRef = FEA3A249251ECA8B009B4994 /* EnterpriseDataManager.swift */; };
		FEA9B1DC251FB7C8003B1B29 /* EnterpriseRemoteRepositoryProvider.swift in Sources */ = {isa = PBXBuildFile; fileRef = FEA9B1DB251FB7C8003B1B29 /* EnterpriseRemoteRepositoryProvider.swift */; };
		FEA9B1E1251FB849003B1B29 /* EnterpriseServiceProtocols.swift in Sources */ = {isa = PBXBuildFile; fileRef = FEA9B1E0251FB849003B1B29 /* EnterpriseServiceProtocols.swift */; };
		FEA9B1F2251FB8EA003B1B29 /* EnterpriseAPIManager.swift in Sources */ = {isa = PBXBuildFile; fileRef = FEA9B1F1251FB8EA003B1B29 /* EnterpriseAPIManager.swift */; };
		FEA9B1F8251FC71B003B1B29 /* AuthAPI.swift in Sources */ = {isa = PBXBuildFile; fileRef = FEA9B1F7251FC71B003B1B29 /* AuthAPI.swift */; };
		FEA9B1FD251FC866003B1B29 /* AuthServiceProtocols.swift in Sources */ = {isa = PBXBuildFile; fileRef = FEA9B1FC251FC866003B1B29 /* AuthServiceProtocols.swift */; };
		FEA9B202251FCAA6003B1B29 /* AuthDataManager.swift in Sources */ = {isa = PBXBuildFile; fileRef = FEA9B201251FCAA6003B1B29 /* AuthDataManager.swift */; };
		FEA9B207251FCB72003B1B29 /* AuthRemoteRepositoryProvider.swift in Sources */ = {isa = PBXBuildFile; fileRef = FEA9B206251FCB72003B1B29 /* AuthRemoteRepositoryProvider.swift */; };
		FEA9B20C251FCBD7003B1B29 /* AuthAPIManager.swift in Sources */ = {isa = PBXBuildFile; fileRef = FEA9B20B251FCBD7003B1B29 /* AuthAPIManager.swift */; };
		FEA9B216251FCD91003B1B29 /* ResponseError.swift in Sources */ = {isa = PBXBuildFile; fileRef = FEA9B215251FCD91003B1B29 /* ResponseError.swift */; };
		FEA9B221251FCDEE003B1B29 /* ResponseErrorHandler.swift in Sources */ = {isa = PBXBuildFile; fileRef = FEA9B220251FCDEE003B1B29 /* ResponseErrorHandler.swift */; };
		FEA9B227251FD105003B1B29 /* AuthResponse.swift in Sources */ = {isa = PBXBuildFile; fileRef = FEA9B226251FD105003B1B29 /* AuthResponse.swift */; };
		FEB4475525203587008D6C1A /* PasswordTextInputView.swift in Sources */ = {isa = PBXBuildFile; fileRef = FEB4475425203587008D6C1A /* PasswordTextInputView.swift */; };
		FEB4475A25203794008D6C1A /* EmailTextInputView.swift in Sources */ = {isa = PBXBuildFile; fileRef = FEB4475925203794008D6C1A /* EmailTextInputView.swift */; };
		FEB4476025203C84008D6C1A /* LoadingIndicator.swift in Sources */ = {isa = PBXBuildFile; fileRef = FEB4475F25203C84008D6C1A /* LoadingIndicator.swift */; };
		FEB4476825204580008D6C1A /* LoadingIndicator.xib in Resources */ = {isa = PBXBuildFile; fileRef = FEB4476725204580008D6C1A /* LoadingIndicator.xib */; };
		FEB4477925204B24008D6C1A /* UIView+Animation.swift in Sources */ = {isa = PBXBuildFile; fileRef = FEB4477825204B24008D6C1A /* UIView+Animation.swift */; };
		FEB4477F25204E44008D6C1A /* KeyboardStateListener.swift in Sources */ = {isa = PBXBuildFile; fileRef = FEB4477E25204E44008D6C1A /* KeyboardStateListener.swift */; };
		FEB447842520BF79008D6C1A /* AuthContract.swift in Sources */ = {isa = PBXBuildFile; fileRef = FEB447832520BF79008D6C1A /* AuthContract.swift */; };
		FEB447922520C44E008D6C1A /* AuthRouter.swift in Sources */ = {isa = PBXBuildFile; fileRef = FEB447912520C44E008D6C1A /* AuthRouter.swift */; };
		FEB4479C2520C64B008D6C1A /* RootRouter.swift in Sources */ = {isa = PBXBuildFile; fileRef = FEB4479B2520C64B008D6C1A /* RootRouter.swift */; };
		FEB447AA2520D318008D6C1A /* AuthPresenter.swift in Sources */ = {isa = PBXBuildFile; fileRef = FEB447A92520D318008D6C1A /* AuthPresenter.swift */; };
		FEB447AF2520D323008D6C1A /* AuthInteractor.swift in Sources */ = {isa = PBXBuildFile; fileRef = FEB447AE2520D323008D6C1A /* AuthInteractor.swift */; };
		FEB447C625214547008D6C1A /* String+IsEmpty.swift in Sources */ = {isa = PBXBuildFile; fileRef = FEB447C525214547008D6C1A /* String+IsEmpty.swift */; };
		FEB447DD25215684008D6C1A /* SearchViewController.swift in Sources */ = {isa = PBXBuildFile; fileRef = FEB447DB25215684008D6C1A /* SearchViewController.swift */; };
		FEB447DE25215684008D6C1A /* SearchViewController.xib in Resources */ = {isa = PBXBuildFile; fileRef = FEB447DC25215684008D6C1A /* SearchViewController.xib */; };
		FEB447E6252156C4008D6C1A /* SearchContract.swift in Sources */ = {isa = PBXBuildFile; fileRef = FEB447E5252156C4008D6C1A /* SearchContract.swift */; };
		FEB447EB252156D9008D6C1A /* SearchRouter.swift in Sources */ = {isa = PBXBuildFile; fileRef = FEB447EA252156D9008D6C1A /* SearchRouter.swift */; };
		FEB447F0252156E3008D6C1A /* SearchPresenter.swift in Sources */ = {isa = PBXBuildFile; fileRef = FEB447EF252156E3008D6C1A /* SearchPresenter.swift */; };
		FEB447F5252156EF008D6C1A /* SearchInteractor.swift in Sources */ = {isa = PBXBuildFile; fileRef = FEB447F4252156EF008D6C1A /* SearchInteractor.swift */; };
		FEB448002521665F008D6C1A /* UIViewController+HideKeyboard.swift in Sources */ = {isa = PBXBuildFile; fileRef = FEB447FF2521665F008D6C1A /* UIViewController+HideKeyboard.swift */; };
		FEB4480725216F8A008D6C1A /* EnterpriseCell.swift in Sources */ = {isa = PBXBuildFile; fileRef = FEB4480525216F8A008D6C1A /* EnterpriseCell.swift */; };
		FEB4480825216F8A008D6C1A /* EnterpriseCell.xib in Resources */ = {isa = PBXBuildFile; fileRef = FEB4480625216F8A008D6C1A /* EnterpriseCell.xib */; };
		FEB4481725220F3F008D6C1A /* UIViewController+Alert.swift in Sources */ = {isa = PBXBuildFile; fileRef = FEB4481625220F3D008D6C1A /* UIViewController+Alert.swift */; };
		FECB3068251F833B00347901 /* Enterprise.swift in Sources */ = {isa = PBXBuildFile; fileRef = FECB3067251F833B00347901 /* Enterprise.swift */; };
		FECB3074251F8F1E00347901 /* EnterpriseAPI.swift in Sources */ = {isa = PBXBuildFile; fileRef = FECB3073251F8F1E00347901 /* EnterpriseAPI.swift */; };
		FED8081225227AEC00F7F579 /* EnterpriseDetailsContract.swift in Sources */ = {isa = PBXBuildFile; fileRef = FED8081125227AEC00F7F579 /* EnterpriseDetailsContract.swift */; };
		FED8081725227AFD00F7F579 /* EnterpriseDetailsRouter.swift in Sources */ = {isa = PBXBuildFile; fileRef = FED8081625227AFD00F7F579 /* EnterpriseDetailsRouter.swift */; };
		FED8081C25227B0500F7F579 /* EnterpriseDetailsPresenter.swift in Sources */ = {isa = PBXBuildFile; fileRef = FED8081B25227B0500F7F579 /* EnterpriseDetailsPresenter.swift */; };
		FED8082425227F7800F7F579 /* Protocols.swift in Sources */ = {isa = PBXBuildFile; fileRef = FED8082325227F7800F7F579 /* Protocols.swift */; };
/* End PBXBuildFile section */

/* Begin PBXContainerItemProxy section */
		FE90F0DA251EB767006F6691 /* PBXContainerItemProxy */ = {
			isa = PBXContainerItemProxy;
			containerPortal = FE90F0BB251EB762006F6691 /* Project object */;
			proxyType = 1;
			remoteGlobalIDString = FE90F0C2251EB762006F6691;
			remoteInfo = AppEmpresas;
		};
		FE90F0E5251EB767006F6691 /* PBXContainerItemProxy */ = {
			isa = PBXContainerItemProxy;
			containerPortal = FE90F0BB251EB762006F6691 /* Project object */;
			proxyType = 1;
			remoteGlobalIDString = FE90F0C2251EB762006F6691;
			remoteInfo = AppEmpresas;
		};
/* End PBXContainerItemProxy section */

/* Begin PBXFileReference section */
		46A8AAD210DC03E774825B91 /* Pods-AppEmpresas.release.xcconfig */ = {isa = PBXFileReference; includeInIndex = 1; lastKnownFileType = text.xcconfig; name = "Pods-AppEmpresas.release.xcconfig"; path = "Target Support Files/Pods-AppEmpresas/Pods-AppEmpresas.release.xcconfig"; sourceTree = "<group>"; };
		617D7DAE78E7790BE82A1A1F /* Pods-AppEmpresas-AppEmpresasUITests.release.xcconfig */ = {isa = PBXFileReference; includeInIndex = 1; lastKnownFileType = text.xcconfig; name = "Pods-AppEmpresas-AppEmpresasUITests.release.xcconfig"; path = "Target Support Files/Pods-AppEmpresas-AppEmpresasUITests/Pods-AppEmpresas-AppEmpresasUITests.release.xcconfig"; sourceTree = "<group>"; };
		71F803668E9D855F9E4D1854 /* Pods-AppEmpresas-AppEmpresasUITests.debug.xcconfig */ = {isa = PBXFileReference; includeInIndex = 1; lastKnownFileType = text.xcconfig; name = "Pods-AppEmpresas-AppEmpresasUITests.debug.xcconfig"; path = "Target Support Files/Pods-AppEmpresas-AppEmpresasUITests/Pods-AppEmpresas-AppEmpresasUITests.debug.xcconfig"; sourceTree = "<group>"; };
		93E8F91714FC6AE3D1F6FF92 /* Pods-AppEmpresasTests.debug.xcconfig */ = {isa = PBXFileReference; includeInIndex = 1; lastKnownFileType = text.xcconfig; name = "Pods-AppEmpresasTests.debug.xcconfig"; path = "Target Support Files/Pods-AppEmpresasTests/Pods-AppEmpresasTests.debug.xcconfig"; sourceTree = "<group>"; };
		955FEA84A5393FF984A29341 /* Pods-AppEmpresasTests.release.xcconfig */ = {isa = PBXFileReference; includeInIndex = 1; lastKnownFileType = text.xcconfig; name = "Pods-AppEmpresasTests.release.xcconfig"; path = "Target Support Files/Pods-AppEmpresasTests/Pods-AppEmpresasTests.release.xcconfig"; sourceTree = "<group>"; };
		B7AD13BDF0A3ABE5358F9F61 /* Pods_AppEmpresasTests.framework */ = {isa = PBXFileReference; explicitFileType = wrapper.framework; includeInIndex = 0; path = Pods_AppEmpresasTests.framework; sourceTree = BUILT_PRODUCTS_DIR; };
		E0E09F424293A3C408EEBE73 /* Pods-AppEmpresas.debug.xcconfig */ = {isa = PBXFileReference; includeInIndex = 1; lastKnownFileType = text.xcconfig; name = "Pods-AppEmpresas.debug.xcconfig"; path = "Target Support Files/Pods-AppEmpresas/Pods-AppEmpresas.debug.xcconfig"; sourceTree = "<group>"; };
		EB3D04FA58C5BCCC3C992164 /* Pods_AppEmpresas_AppEmpresasUITests.framework */ = {isa = PBXFileReference; explicitFileType = wrapper.framework; includeInIndex = 0; path = Pods_AppEmpresas_AppEmpresasUITests.framework; sourceTree = BUILT_PRODUCTS_DIR; };
		F342BAD325D3BA36B847F56A /* Pods_AppEmpresas.framework */ = {isa = PBXFileReference; explicitFileType = wrapper.framework; includeInIndex = 0; path = Pods_AppEmpresas.framework; sourceTree = BUILT_PRODUCTS_DIR; };
		FE363DF2251FD9D600DABE8E /* AuthKeyChainManager.swift */ = {isa = PBXFileReference; lastKnownFileType = sourcecode.swift; path = AuthKeyChainManager.swift; sourceTree = "<group>"; };
		FE363DF7251FDEA600DABE8E /* AuthCredentials.swift */ = {isa = PBXFileReference; lastKnownFileType = sourcecode.swift; path = AuthCredentials.swift; sourceTree = "<group>"; };
		FE739DC7251F76AA00C3A30E /* Dictionary+Add.swift */ = {isa = PBXFileReference; lastKnownFileType = sourcecode.swift; path = "Dictionary+Add.swift"; sourceTree = "<group>"; };
		FE8C54AA251FEE5500AD8CE9 /* AuthPlugin.swift */ = {isa = PBXFileReference; lastKnownFileType = sourcecode.swift; path = AuthPlugin.swift; sourceTree = "<group>"; };
		FE8C54B1251FF1C500AD8CE9 /* AuthViewController.swift */ = {isa = PBXFileReference; lastKnownFileType = sourcecode.swift; path = AuthViewController.swift; sourceTree = "<group>"; };
		FE8C54B2251FF1C500AD8CE9 /* AuthViewController.xib */ = {isa = PBXFileReference; lastKnownFileType = file.xib; path = AuthViewController.xib; sourceTree = "<group>"; };
		FE8C54BE251FF2BE00AD8CE9 /* LoadingView.swift */ = {isa = PBXFileReference; lastKnownFileType = sourcecode.swift; path = LoadingView.swift; sourceTree = "<group>"; };
		FE8C54DF252005C000AD8CE9 /* UIView+AddSubviewAndSetupConstraints.swift */ = {isa = PBXFileReference; lastKnownFileType = sourcecode.swift; path = "UIView+AddSubviewAndSetupConstraints.swift"; sourceTree = "<group>"; };
		FE8C54F32520193100AD8CE9 /* Rubik-BlackItalic.ttf */ = {isa = PBXFileReference; lastKnownFileType = file; path = "Rubik-BlackItalic.ttf"; sourceTree = "<group>"; };
		FE8C54F42520193100AD8CE9 /* Rubik-MediumItalic.ttf */ = {isa = PBXFileReference; lastKnownFileType = file; path = "Rubik-MediumItalic.ttf"; sourceTree = "<group>"; };
		FE8C54F52520193100AD8CE9 /* Rubik-Medium.ttf */ = {isa = PBXFileReference; lastKnownFileType = file; path = "Rubik-Medium.ttf"; sourceTree = "<group>"; };
		FE8C54F62520193100AD8CE9 /* Rubik-ExtraBoldItalic.ttf */ = {isa = PBXFileReference; lastKnownFileType = file; path = "Rubik-ExtraBoldItalic.ttf"; sourceTree = "<group>"; };
		FE8C54F72520193100AD8CE9 /* Rubik-Light.ttf */ = {isa = PBXFileReference; lastKnownFileType = file; path = "Rubik-Light.ttf"; sourceTree = "<group>"; };
		FE8C54F82520193100AD8CE9 /* Rubik-BoldItalic.ttf */ = {isa = PBXFileReference; lastKnownFileType = file; path = "Rubik-BoldItalic.ttf"; sourceTree = "<group>"; };
		FE8C54F92520193100AD8CE9 /* Rubik-Italic.ttf */ = {isa = PBXFileReference; lastKnownFileType = file; path = "Rubik-Italic.ttf"; sourceTree = "<group>"; };
		FE8C54FA2520193200AD8CE9 /* Rubik-SemiBold.ttf */ = {isa = PBXFileReference; lastKnownFileType = file; path = "Rubik-SemiBold.ttf"; sourceTree = "<group>"; };
		FE8C54FB2520193200AD8CE9 /* Rubik-Black.ttf */ = {isa = PBXFileReference; lastKnownFileType = file; path = "Rubik-Black.ttf"; sourceTree = "<group>"; };
		FE8C54FC2520193200AD8CE9 /* Rubik-ExtraBold.ttf */ = {isa = PBXFileReference; lastKnownFileType = file; path = "Rubik-ExtraBold.ttf"; sourceTree = "<group>"; };
		FE8C54FD2520193200AD8CE9 /* Rubik-Bold.ttf */ = {isa = PBXFileReference; lastKnownFileType = file; path = "Rubik-Bold.ttf"; sourceTree = "<group>"; };
		FE8C54FE2520193200AD8CE9 /* Rubik-SemiBoldItalic.ttf */ = {isa = PBXFileReference; lastKnownFileType = file; path = "Rubik-SemiBoldItalic.ttf"; sourceTree = "<group>"; };
		FE8C54FF2520193200AD8CE9 /* Rubik-LightItalic.ttf */ = {isa = PBXFileReference; lastKnownFileType = file; path = "Rubik-LightItalic.ttf"; sourceTree = "<group>"; };
		FE8C55002520193200AD8CE9 /* Rubik-Regular.ttf */ = {isa = PBXFileReference; lastKnownFileType = file; path = "Rubik-Regular.ttf"; sourceTree = "<group>"; };
		FE8C551725201B8D00AD8CE9 /* UIColor+CustomColors.swift */ = {isa = PBXFileReference; lastKnownFileType = sourcecode.swift; path = "UIColor+CustomColors.swift"; sourceTree = "<group>"; };
		FE8C552E252024A900AD8CE9 /* TextInputView.swift */ = {isa = PBXFileReference; lastKnownFileType = sourcecode.swift; path = TextInputView.swift; sourceTree = "<group>"; };
		FE8C55332520253800AD8CE9 /* TextInputView.xib */ = {isa = PBXFileReference; lastKnownFileType = file.xib; path = TextInputView.xib; sourceTree = "<group>"; };
		FE90F0C3251EB762006F6691 /* AppEmpresas.app */ = {isa = PBXFileReference; explicitFileType = wrapper.application; includeInIndex = 0; path = AppEmpresas.app; sourceTree = BUILT_PRODUCTS_DIR; };
		FE90F0C6251EB762006F6691 /* AppDelegate.swift */ = {isa = PBXFileReference; lastKnownFileType = sourcecode.swift; path = AppDelegate.swift; sourceTree = "<group>"; };
		FE90F0C8251EB762006F6691 /* SceneDelegate.swift */ = {isa = PBXFileReference; lastKnownFileType = sourcecode.swift; path = SceneDelegate.swift; sourceTree = "<group>"; };
		FE90F0CF251EB767006F6691 /* Assets.xcassets */ = {isa = PBXFileReference; lastKnownFileType = folder.assetcatalog; path = Assets.xcassets; sourceTree = "<group>"; };
		FE90F0D2251EB767006F6691 /* Base */ = {isa = PBXFileReference; lastKnownFileType = file.storyboard; name = Base; path = Base.lproj/LaunchScreen.storyboard; sourceTree = "<group>"; };
		FE90F0D4251EB767006F6691 /* Info.plist */ = {isa = PBXFileReference; lastKnownFileType = text.plist.xml; path = Info.plist; sourceTree = "<group>"; };
		FE90F0D9251EB767006F6691 /* AppEmpresasTests.xctest */ = {isa = PBXFileReference; explicitFileType = wrapper.cfbundle; includeInIndex = 0; path = AppEmpresasTests.xctest; sourceTree = BUILT_PRODUCTS_DIR; };
		FE90F0DD251EB767006F6691 /* AppEmpresasTests.swift */ = {isa = PBXFileReference; lastKnownFileType = sourcecode.swift; path = AppEmpresasTests.swift; sourceTree = "<group>"; };
		FE90F0DF251EB767006F6691 /* Info.plist */ = {isa = PBXFileReference; lastKnownFileType = text.plist.xml; path = Info.plist; sourceTree = "<group>"; };
		FE90F0E4251EB767006F6691 /* AppEmpresasUITests.xctest */ = {isa = PBXFileReference; explicitFileType = wrapper.cfbundle; includeInIndex = 0; path = AppEmpresasUITests.xctest; sourceTree = BUILT_PRODUCTS_DIR; };
		FE90F0E8251EB767006F6691 /* AppEmpresasUITests.swift */ = {isa = PBXFileReference; lastKnownFileType = sourcecode.swift; path = AppEmpresasUITests.swift; sourceTree = "<group>"; };
		FE90F0EA251EB767006F6691 /* Info.plist */ = {isa = PBXFileReference; lastKnownFileType = text.plist.xml; path = Info.plist; sourceTree = "<group>"; };
		FE9267D525224EEC00884448 /* EnterpriseDetailsViewController.swift */ = {isa = PBXFileReference; lastKnownFileType = sourcecode.swift; path = EnterpriseDetailsViewController.swift; sourceTree = "<group>"; };
		FE9267D625224EEC00884448 /* EnterpriseDetailsViewController.xib */ = {isa = PBXFileReference; lastKnownFileType = file.xib; path = EnterpriseDetailsViewController.xib; sourceTree = "<group>"; };
		FEA3A249251ECA8B009B4994 /* EnterpriseDataManager.swift */ = {isa = PBXFileReference; lastKnownFileType = sourcecode.swift; path = EnterpriseDataManager.swift; sourceTree = "<group>"; };
		FEA9B1DB251FB7C8003B1B29 /* EnterpriseRemoteRepositoryProvider.swift */ = {isa = PBXFileReference; lastKnownFileType = sourcecode.swift; path = EnterpriseRemoteRepositoryProvider.swift; sourceTree = "<group>"; };
		FEA9B1E0251FB849003B1B29 /* EnterpriseServiceProtocols.swift */ = {isa = PBXFileReference; lastKnownFileType = sourcecode.swift; path = EnterpriseServiceProtocols.swift; sourceTree = "<group>"; };
		FEA9B1F1251FB8EA003B1B29 /* EnterpriseAPIManager.swift */ = {isa = PBXFileReference; lastKnownFileType = sourcecode.swift; path = EnterpriseAPIManager.swift; sourceTree = "<group>"; };
		FEA9B1F7251FC71B003B1B29 /* AuthAPI.swift */ = {isa = PBXFileReference; lastKnownFileType = sourcecode.swift; path = AuthAPI.swift; sourceTree = "<group>"; };
		FEA9B1FC251FC866003B1B29 /* AuthServiceProtocols.swift */ = {isa = PBXFileReference; lastKnownFileType = sourcecode.swift; path = AuthServiceProtocols.swift; sourceTree = "<group>"; };
		FEA9B201251FCAA6003B1B29 /* AuthDataManager.swift */ = {isa = PBXFileReference; lastKnownFileType = sourcecode.swift; path = AuthDataManager.swift; sourceTree = "<group>"; };
		FEA9B206251FCB72003B1B29 /* AuthRemoteRepositoryProvider.swift */ = {isa = PBXFileReference; lastKnownFileType = sourcecode.swift; path = AuthRemoteRepositoryProvider.swift; sourceTree = "<group>"; };
		FEA9B20B251FCBD7003B1B29 /* AuthAPIManager.swift */ = {isa = PBXFileReference; lastKnownFileType = sourcecode.swift; path = AuthAPIManager.swift; sourceTree = "<group>"; };
		FEA9B215251FCD91003B1B29 /* ResponseError.swift */ = {isa = PBXFileReference; lastKnownFileType = sourcecode.swift; path = ResponseError.swift; sourceTree = "<group>"; };
		FEA9B220251FCDEE003B1B29 /* ResponseErrorHandler.swift */ = {isa = PBXFileReference; lastKnownFileType = sourcecode.swift; path = ResponseErrorHandler.swift; sourceTree = "<group>"; };
		FEA9B226251FD105003B1B29 /* AuthResponse.swift */ = {isa = PBXFileReference; lastKnownFileType = sourcecode.swift; path = AuthResponse.swift; sourceTree = "<group>"; };
		FEB4475425203587008D6C1A /* PasswordTextInputView.swift */ = {isa = PBXFileReference; lastKnownFileType = sourcecode.swift; path = PasswordTextInputView.swift; sourceTree = "<group>"; };
		FEB4475925203794008D6C1A /* EmailTextInputView.swift */ = {isa = PBXFileReference; lastKnownFileType = sourcecode.swift; path = EmailTextInputView.swift; sourceTree = "<group>"; };
		FEB4475F25203C84008D6C1A /* LoadingIndicator.swift */ = {isa = PBXFileReference; lastKnownFileType = sourcecode.swift; path = LoadingIndicator.swift; sourceTree = "<group>"; };
		FEB4476725204580008D6C1A /* LoadingIndicator.xib */ = {isa = PBXFileReference; lastKnownFileType = file.xib; path = LoadingIndicator.xib; sourceTree = "<group>"; };
		FEB4477825204B24008D6C1A /* UIView+Animation.swift */ = {isa = PBXFileReference; lastKnownFileType = sourcecode.swift; path = "UIView+Animation.swift"; sourceTree = "<group>"; };
		FEB4477E25204E44008D6C1A /* KeyboardStateListener.swift */ = {isa = PBXFileReference; lastKnownFileType = sourcecode.swift; path = KeyboardStateListener.swift; sourceTree = "<group>"; };
		FEB447832520BF79008D6C1A /* AuthContract.swift */ = {isa = PBXFileReference; lastKnownFileType = sourcecode.swift; path = AuthContract.swift; sourceTree = "<group>"; };
		FEB447912520C44E008D6C1A /* AuthRouter.swift */ = {isa = PBXFileReference; lastKnownFileType = sourcecode.swift; path = AuthRouter.swift; sourceTree = "<group>"; };
		FEB4479B2520C64B008D6C1A /* RootRouter.swift */ = {isa = PBXFileReference; lastKnownFileType = sourcecode.swift; path = RootRouter.swift; sourceTree = "<group>"; };
		FEB447A92520D318008D6C1A /* AuthPresenter.swift */ = {isa = PBXFileReference; lastKnownFileType = sourcecode.swift; path = AuthPresenter.swift; sourceTree = "<group>"; };
		FEB447AE2520D323008D6C1A /* AuthInteractor.swift */ = {isa = PBXFileReference; lastKnownFileType = sourcecode.swift; path = AuthInteractor.swift; sourceTree = "<group>"; };
		FEB447C525214547008D6C1A /* String+IsEmpty.swift */ = {isa = PBXFileReference; lastKnownFileType = sourcecode.swift; path = "String+IsEmpty.swift"; sourceTree = "<group>"; };
		FEB447DB25215684008D6C1A /* SearchViewController.swift */ = {isa = PBXFileReference; lastKnownFileType = sourcecode.swift; path = SearchViewController.swift; sourceTree = "<group>"; };
		FEB447DC25215684008D6C1A /* SearchViewController.xib */ = {isa = PBXFileReference; lastKnownFileType = file.xib; path = SearchViewController.xib; sourceTree = "<group>"; };
		FEB447E5252156C4008D6C1A /* SearchContract.swift */ = {isa = PBXFileReference; lastKnownFileType = sourcecode.swift; path = SearchContract.swift; sourceTree = "<group>"; };
		FEB447EA252156D9008D6C1A /* SearchRouter.swift */ = {isa = PBXFileReference; lastKnownFileType = sourcecode.swift; path = SearchRouter.swift; sourceTree = "<group>"; };
		FEB447EF252156E3008D6C1A /* SearchPresenter.swift */ = {isa = PBXFileReference; lastKnownFileType = sourcecode.swift; path = SearchPresenter.swift; sourceTree = "<group>"; };
		FEB447F4252156EF008D6C1A /* SearchInteractor.swift */ = {isa = PBXFileReference; lastKnownFileType = sourcecode.swift; path = SearchInteractor.swift; sourceTree = "<group>"; };
		FEB447FF2521665F008D6C1A /* UIViewController+HideKeyboard.swift */ = {isa = PBXFileReference; lastKnownFileType = sourcecode.swift; path = "UIViewController+HideKeyboard.swift"; sourceTree = "<group>"; };
		FEB4480525216F8A008D6C1A /* EnterpriseCell.swift */ = {isa = PBXFileReference; lastKnownFileType = sourcecode.swift; path = EnterpriseCell.swift; sourceTree = "<group>"; };
		FEB4480625216F8A008D6C1A /* EnterpriseCell.xib */ = {isa = PBXFileReference; lastKnownFileType = file.xib; path = EnterpriseCell.xib; sourceTree = "<group>"; };
		FEB4481625220F3D008D6C1A /* UIViewController+Alert.swift */ = {isa = PBXFileReference; lastKnownFileType = sourcecode.swift; path = "UIViewController+Alert.swift"; sourceTree = "<group>"; };
		FECB3067251F833B00347901 /* Enterprise.swift */ = {isa = PBXFileReference; lastKnownFileType = sourcecode.swift; path = Enterprise.swift; sourceTree = "<group>"; };
		FECB3073251F8F1E00347901 /* EnterpriseAPI.swift */ = {isa = PBXFileReference; lastKnownFileType = sourcecode.swift; path = EnterpriseAPI.swift; sourceTree = "<group>"; };
		FED8081125227AEC00F7F579 /* EnterpriseDetailsContract.swift */ = {isa = PBXFileReference; lastKnownFileType = sourcecode.swift; path = EnterpriseDetailsContract.swift; sourceTree = "<group>"; };
		FED8081625227AFD00F7F579 /* EnterpriseDetailsRouter.swift */ = {isa = PBXFileReference; lastKnownFileType = sourcecode.swift; path = EnterpriseDetailsRouter.swift; sourceTree = "<group>"; };
		FED8081B25227B0500F7F579 /* EnterpriseDetailsPresenter.swift */ = {isa = PBXFileReference; lastKnownFileType = sourcecode.swift; path = EnterpriseDetailsPresenter.swift; sourceTree = "<group>"; };
		FED8082325227F7800F7F579 /* Protocols.swift */ = {isa = PBXFileReference; fileEncoding = 4; lastKnownFileType = sourcecode.swift; path = Protocols.swift; sourceTree = "<group>"; };
/* End PBXFileReference section */

/* Begin PBXFrameworksBuildPhase section */
		FE90F0C0251EB762006F6691 /* Frameworks */ = {
			isa = PBXFrameworksBuildPhase;
			buildActionMask = 2147483647;
			files = (
				AB90BC8A0072EC3901E716D2 /* Pods_AppEmpresas.framework in Frameworks */,
			);
			runOnlyForDeploymentPostprocessing = 0;
		};
		FE90F0D6251EB767006F6691 /* Frameworks */ = {
			isa = PBXFrameworksBuildPhase;
			buildActionMask = 2147483647;
			files = (
				E863D5F6B86CB901AD2F6A22 /* Pods_AppEmpresasTests.framework in Frameworks */,
			);
			runOnlyForDeploymentPostprocessing = 0;
		};
		FE90F0E1251EB767006F6691 /* Frameworks */ = {
			isa = PBXFrameworksBuildPhase;
			buildActionMask = 2147483647;
			files = (
				D1E48F664E971CBD336A463A /* Pods_AppEmpresas_AppEmpresasUITests.framework in Frameworks */,
			);
			runOnlyForDeploymentPostprocessing = 0;
		};
/* End PBXFrameworksBuildPhase section */

/* Begin PBXGroup section */
		2A7D21A9CC9ECDEAECDFA48C /* Frameworks */ = {
			isa = PBXGroup;
			children = (
				F342BAD325D3BA36B847F56A /* Pods_AppEmpresas.framework */,
				EB3D04FA58C5BCCC3C992164 /* Pods_AppEmpresas_AppEmpresasUITests.framework */,
				B7AD13BDF0A3ABE5358F9F61 /* Pods_AppEmpresasTests.framework */,
			);
			name = Frameworks;
			sourceTree = "<group>";
		};
		F02CD45E7E6697E21341FA12 /* Pods */ = {
			isa = PBXGroup;
			children = (
				E0E09F424293A3C408EEBE73 /* Pods-AppEmpresas.debug.xcconfig */,
				46A8AAD210DC03E774825B91 /* Pods-AppEmpresas.release.xcconfig */,
				71F803668E9D855F9E4D1854 /* Pods-AppEmpresas-AppEmpresasUITests.debug.xcconfig */,
				617D7DAE78E7790BE82A1A1F /* Pods-AppEmpresas-AppEmpresasUITests.release.xcconfig */,
				93E8F91714FC6AE3D1F6FF92 /* Pods-AppEmpresasTests.debug.xcconfig */,
				955FEA84A5393FF984A29341 /* Pods-AppEmpresasTests.release.xcconfig */,
			);
			path = Pods;
			sourceTree = "<group>";
		};
		FE363DFC251FDEAB00DABE8E /* Entities */ = {
			isa = PBXGroup;
			children = (
				FE363DF7251FDEA600DABE8E /* AuthCredentials.swift */,
			);
			path = Entities;
			sourceTree = "<group>";
		};
		FE739DC6251F769000C3A30E /* Extensions */ = {
			isa = PBXGroup;
			children = (
				FE739DC7251F76AA00C3A30E /* Dictionary+Add.swift */,
				FE8C54DF252005C000AD8CE9 /* UIView+AddSubviewAndSetupConstraints.swift */,
				FE8C551725201B8D00AD8CE9 /* UIColor+CustomColors.swift */,
				FEB4477825204B24008D6C1A /* UIView+Animation.swift */,
				FEB447C525214547008D6C1A /* String+IsEmpty.swift */,
				FEB447FF2521665F008D6C1A /* UIViewController+HideKeyboard.swift */,
				FEB4481625220F3D008D6C1A /* UIViewController+Alert.swift */,
			);
			path = Extensions;
			sourceTree = "<group>";
		};
		FE8C54A9251FEE3500AD8CE9 /* Plugins */ = {
			isa = PBXGroup;
			children = (
				FE8C54AA251FEE5500AD8CE9 /* AuthPlugin.swift */,
			);
			path = Plugins;
			sourceTree = "<group>";
		};
		FE8C54AF251FF1A400AD8CE9 /* Modules */ = {
			isa = PBXGroup;
			children = (
				FE8C54B0251FF1AC00AD8CE9 /* Auth */,
				FEB447DA25215665008D6C1A /* Search */,
				FE9267D425224ED700884448 /* EnterpriseDetails */,
			);
			path = Modules;
			sourceTree = "<group>";
		};
		FE8C54B0251FF1AC00AD8CE9 /* Auth */ = {
			isa = PBXGroup;
			children = (
				FE8C54B1251FF1C500AD8CE9 /* AuthViewController.swift */,
				FE8C54B2251FF1C500AD8CE9 /* AuthViewController.xib */,
				FEB447832520BF79008D6C1A /* AuthContract.swift */,
				FEB447912520C44E008D6C1A /* AuthRouter.swift */,
				FEB447A92520D318008D6C1A /* AuthPresenter.swift */,
				FEB447AE2520D323008D6C1A /* AuthInteractor.swift */,
			);
			path = Auth;
			sourceTree = "<group>";
		};
		FE8C54BB251FF29C00AD8CE9 /* Common */ = {
			isa = PBXGroup;
			children = (
				FEB4477D25204E37008D6C1A /* Listeners */,
				FE8C54BC251FF2A200AD8CE9 /* Components */,
				FED8082325227F7800F7F579 /* Protocols.swift */,
				FEB4479B2520C64B008D6C1A /* RootRouter.swift */,
			);
			path = Common;
			sourceTree = "<group>";
		};
		FE8C54BC251FF2A200AD8CE9 /* Components */ = {
			isa = PBXGroup;
			children = (
				FE8C54D3251FF70200AD8CE9 /* TextInputView */,
				FEB4475E25203C18008D6C1A /* LoadingIndicator */,
				FE8C54BD251FF2A800AD8CE9 /* LoadingView */,
			);
			path = Components;
			sourceTree = "<group>";
		};
		FE8C54BD251FF2A800AD8CE9 /* LoadingView */ = {
			isa = PBXGroup;
			children = (
				FE8C54BE251FF2BE00AD8CE9 /* LoadingView.swift */,
			);
			path = LoadingView;
			sourceTree = "<group>";
		};
		FE8C54D3251FF70200AD8CE9 /* TextInputView */ = {
			isa = PBXGroup;
			children = (
				FE8C552E252024A900AD8CE9 /* TextInputView.swift */,
				FE8C55332520253800AD8CE9 /* TextInputView.xib */,
				FEB4475425203587008D6C1A /* PasswordTextInputView.swift */,
				FEB4475925203794008D6C1A /* EmailTextInputView.swift */,
			);
			path = TextInputView;
			sourceTree = "<group>";
		};
		FE8C54EF2520190100AD8CE9 /* Fonts */ = {
			isa = PBXGroup;
			children = (
				FE8C54FB2520193200AD8CE9 /* Rubik-Black.ttf */,
				FE8C54F32520193100AD8CE9 /* Rubik-BlackItalic.ttf */,
				FE8C54FD2520193200AD8CE9 /* Rubik-Bold.ttf */,
				FE8C54F82520193100AD8CE9 /* Rubik-BoldItalic.ttf */,
				FE8C54FC2520193200AD8CE9 /* Rubik-ExtraBold.ttf */,
				FE8C54F62520193100AD8CE9 /* Rubik-ExtraBoldItalic.ttf */,
				FE8C54F92520193100AD8CE9 /* Rubik-Italic.ttf */,
				FE8C54F72520193100AD8CE9 /* Rubik-Light.ttf */,
				FE8C54FF2520193200AD8CE9 /* Rubik-LightItalic.ttf */,
				FE8C54F52520193100AD8CE9 /* Rubik-Medium.ttf */,
				FE8C54F42520193100AD8CE9 /* Rubik-MediumItalic.ttf */,
				FE8C55002520193200AD8CE9 /* Rubik-Regular.ttf */,
				FE8C54FA2520193200AD8CE9 /* Rubik-SemiBold.ttf */,
				FE8C54FE2520193200AD8CE9 /* Rubik-SemiBoldItalic.ttf */,
			);
			path = Fonts;
			sourceTree = "<group>";
		};
		FE90F0BA251EB762006F6691 = {
			isa = PBXGroup;
			children = (
				FE90F0C5251EB762006F6691 /* AppEmpresas */,
				FE90F0DC251EB767006F6691 /* AppEmpresasTests */,
				FE90F0E7251EB767006F6691 /* AppEmpresasUITests */,
				FE90F0C4251EB762006F6691 /* Products */,
				F02CD45E7E6697E21341FA12 /* Pods */,
				2A7D21A9CC9ECDEAECDFA48C /* Frameworks */,
			);
			sourceTree = "<group>";
		};
		FE90F0C4251EB762006F6691 /* Products */ = {
			isa = PBXGroup;
			children = (
				FE90F0C3251EB762006F6691 /* AppEmpresas.app */,
				FE90F0D9251EB767006F6691 /* AppEmpresasTests.xctest */,
				FE90F0E4251EB767006F6691 /* AppEmpresasUITests.xctest */,
			);
			name = Products;
			sourceTree = "<group>";
		};
		FE90F0C5251EB762006F6691 /* AppEmpresas */ = {
			isa = PBXGroup;
			children = (
				FEB447CA2521525F008D6C1A /* App */,
				FECB3080251F8F6A00347901 /* SupportingFiles */,
				FE8C54BB251FF29C00AD8CE9 /* Common */,
				FECB3072251F8EEE00347901 /* Services */,
				FE8C54AF251FF1A400AD8CE9 /* Modules */,
				FE739DC6251F769000C3A30E /* Extensions */,
				FE90F0CF251EB767006F6691 /* Assets.xcassets */,
			);
			path = AppEmpresas;
			sourceTree = "<group>";
		};
		FE90F0DC251EB767006F6691 /* AppEmpresasTests */ = {
			isa = PBXGroup;
			children = (
				FE90F0DD251EB767006F6691 /* AppEmpresasTests.swift */,
				FE90F0DF251EB767006F6691 /* Info.plist */,
			);
			path = AppEmpresasTests;
			sourceTree = "<group>";
		};
		FE90F0E7251EB767006F6691 /* AppEmpresasUITests */ = {
			isa = PBXGroup;
			children = (
				FE90F0E8251EB767006F6691 /* AppEmpresasUITests.swift */,
				FE90F0EA251EB767006F6691 /* Info.plist */,
			);
			path = AppEmpresasUITests;
			sourceTree = "<group>";
		};
		FE9267D425224ED700884448 /* EnterpriseDetails */ = {
			isa = PBXGroup;
			children = (
				FE9267D525224EEC00884448 /* EnterpriseDetailsViewController.swift */,
				FE9267D625224EEC00884448 /* EnterpriseDetailsViewController.xib */,
				FED8081125227AEC00F7F579 /* EnterpriseDetailsContract.swift */,
				FED8081625227AFD00F7F579 /* EnterpriseDetailsRouter.swift */,
				FED8081B25227B0500F7F579 /* EnterpriseDetailsPresenter.swift */,
			);
			path = EnterpriseDetails;
			sourceTree = "<group>";
		};
		FEA9B1D5251FAB28003B1B29 /* Security */ = {
			isa = PBXGroup;
			children = (
				FE363DFC251FDEAB00DABE8E /* Entities */,
				FE363DF2251FD9D600DABE8E /* AuthKeyChainManager.swift */,
			);
			path = Security;
			sourceTree = "<group>";
		};
		FEA9B1F6251FC6FF003B1B29 /* Auth */ = {
			isa = PBXGroup;
			children = (
				FEA9B225251FD0FD003B1B29 /* Entities */,
				FEA9B1FC251FC866003B1B29 /* AuthServiceProtocols.swift */,
				FEA9B201251FCAA6003B1B29 /* AuthDataManager.swift */,
				FEA9B206251FCB72003B1B29 /* AuthRemoteRepositoryProvider.swift */,
				FEA9B20B251FCBD7003B1B29 /* AuthAPIManager.swift */,
				FEA9B1F7251FC71B003B1B29 /* AuthAPI.swift */,
			);
			path = Auth;
			sourceTree = "<group>";
		};
		FEA9B213251FCD78003B1B29 /* Common */ = {
			isa = PBXGroup;
			children = (
				FE8C54A9251FEE3500AD8CE9 /* Plugins */,
				FEA9B214251FCD7E003B1B29 /* Entities */,
				FEA9B220251FCDEE003B1B29 /* ResponseErrorHandler.swift */,
			);
			path = Common;
			sourceTree = "<group>";
		};
		FEA9B214251FCD7E003B1B29 /* Entities */ = {
			isa = PBXGroup;
			children = (
				FEA9B215251FCD91003B1B29 /* ResponseError.swift */,
			);
			path = Entities;
			sourceTree = "<group>";
		};
		FEA9B225251FD0FD003B1B29 /* Entities */ = {
			isa = PBXGroup;
			children = (
				FEA9B226251FD105003B1B29 /* AuthResponse.swift */,
			);
			path = Entities;
			sourceTree = "<group>";
		};
		FEB4475E25203C18008D6C1A /* LoadingIndicator */ = {
			isa = PBXGroup;
			children = (
				FEB4475F25203C84008D6C1A /* LoadingIndicator.swift */,
				FEB4476725204580008D6C1A /* LoadingIndicator.xib */,
			);
			path = LoadingIndicator;
			sourceTree = "<group>";
		};
		FEB4477D25204E37008D6C1A /* Listeners */ = {
			isa = PBXGroup;
			children = (
				FEB4477E25204E44008D6C1A /* KeyboardStateListener.swift */,
			);
			path = Listeners;
			sourceTree = "<group>";
		};
		FEB447CA2521525F008D6C1A /* App */ = {
			isa = PBXGroup;
			children = (
				FE90F0C6251EB762006F6691 /* AppDelegate.swift */,
				FE90F0C8251EB762006F6691 /* SceneDelegate.swift */,
			);
			path = App;
			sourceTree = "<group>";
		};
		FEB447DA25215665008D6C1A /* Search */ = {
			isa = PBXGroup;
			children = (
				FEB4480425216F69008D6C1A /* Cells */,
				FEB447DB25215684008D6C1A /* SearchViewController.swift */,
				FEB447DC25215684008D6C1A /* SearchViewController.xib */,
				FEB447E5252156C4008D6C1A /* SearchContract.swift */,
				FEB447EA252156D9008D6C1A /* SearchRouter.swift */,
				FEB447EF252156E3008D6C1A /* SearchPresenter.swift */,
				FEB447F4252156EF008D6C1A /* SearchInteractor.swift */,
			);
			path = Search;
			sourceTree = "<group>";
		};
		FEB4480425216F69008D6C1A /* Cells */ = {
			isa = PBXGroup;
			children = (
				FEB4480525216F8A008D6C1A /* EnterpriseCell.swift */,
				FEB4480625216F8A008D6C1A /* EnterpriseCell.xib */,
			);
			path = Cells;
			sourceTree = "<group>";
		};
		FECB3066251F81D600347901 /* Entities */ = {
			isa = PBXGroup;
			children = (
				FECB3067251F833B00347901 /* Enterprise.swift */,
			);
			path = Entities;
			sourceTree = "<group>";
		};
		FECB3072251F8EEE00347901 /* Services */ = {
			isa = PBXGroup;
			children = (
				FEA9B213251FCD78003B1B29 /* Common */,
				FEA9B1D5251FAB28003B1B29 /* Security */,
				FEA9B1F6251FC6FF003B1B29 /* Auth */,
				FECB308F251F8FD800347901 /* Enterprise */,
			);
			path = Services;
			sourceTree = "<group>";
		};
		FECB3080251F8F6A00347901 /* SupportingFiles */ = {
			isa = PBXGroup;
			children = (
				FE8C54EF2520190100AD8CE9 /* Fonts */,
				FE90F0D1251EB767006F6691 /* LaunchScreen.storyboard */,
				FE90F0D4251EB767006F6691 /* Info.plist */,
			);
			path = SupportingFiles;
			sourceTree = "<group>";
		};
		FECB308F251F8FD800347901 /* Enterprise */ = {
			isa = PBXGroup;
			children = (
				FECB3066251F81D600347901 /* Entities */,
				FEA9B1E0251FB849003B1B29 /* EnterpriseServiceProtocols.swift */,
				FEA3A249251ECA8B009B4994 /* EnterpriseDataManager.swift */,
				FEA9B1DB251FB7C8003B1B29 /* EnterpriseRemoteRepositoryProvider.swift */,
				FEA9B1F1251FB8EA003B1B29 /* EnterpriseAPIManager.swift */,
				FECB3073251F8F1E00347901 /* EnterpriseAPI.swift */,
			);
			path = Enterprise;
			sourceTree = "<group>";
		};
/* End PBXGroup section */

/* Begin PBXNativeTarget section */
		FE90F0C2251EB762006F6691 /* AppEmpresas */ = {
			isa = PBXNativeTarget;
			buildConfigurationList = FE90F0ED251EB767006F6691 /* Build configuration list for PBXNativeTarget "AppEmpresas" */;
			buildPhases = (
				84E355A13EC9D305DE7FED81 /* [CP] Check Pods Manifest.lock */,
				FE90F0BF251EB762006F6691 /* Sources */,
				FE90F0C0251EB762006F6691 /* Frameworks */,
				FE90F0C1251EB762006F6691 /* Resources */,
				E1FC0276AFB9BE779253E760 /* [CP] Embed Pods Frameworks */,
			);
			buildRules = (
			);
			dependencies = (
			);
			name = AppEmpresas;
			productName = AppEmpresas;
			productReference = FE90F0C3251EB762006F6691 /* AppEmpresas.app */;
			productType = "com.apple.product-type.application";
		};
		FE90F0D8251EB767006F6691 /* AppEmpresasTests */ = {
			isa = PBXNativeTarget;
			buildConfigurationList = FE90F0F0251EB767006F6691 /* Build configuration list for PBXNativeTarget "AppEmpresasTests" */;
			buildPhases = (
				FDF440F8E1CF031796237B1B /* [CP] Check Pods Manifest.lock */,
				FE90F0D5251EB767006F6691 /* Sources */,
				FE90F0D6251EB767006F6691 /* Frameworks */,
				FE90F0D7251EB767006F6691 /* Resources */,
			);
			buildRules = (
			);
			dependencies = (
				FE90F0DB251EB767006F6691 /* PBXTargetDependency */,
			);
			name = AppEmpresasTests;
			productName = AppEmpresasTests;
			productReference = FE90F0D9251EB767006F6691 /* AppEmpresasTests.xctest */;
			productType = "com.apple.product-type.bundle.unit-test";
		};
		FE90F0E3251EB767006F6691 /* AppEmpresasUITests */ = {
			isa = PBXNativeTarget;
			buildConfigurationList = FE90F0F3251EB767006F6691 /* Build configuration list for PBXNativeTarget "AppEmpresasUITests" */;
			buildPhases = (
				87A1154D03F9479B2AC45A6D /* [CP] Check Pods Manifest.lock */,
				FE90F0E0251EB767006F6691 /* Sources */,
				FE90F0E1251EB767006F6691 /* Frameworks */,
				FE90F0E2251EB767006F6691 /* Resources */,
				AB39C040D17B321E3FE99FDF /* [CP] Embed Pods Frameworks */,
			);
			buildRules = (
			);
			dependencies = (
				FE90F0E6251EB767006F6691 /* PBXTargetDependency */,
			);
			name = AppEmpresasUITests;
			productName = AppEmpresasUITests;
			productReference = FE90F0E4251EB767006F6691 /* AppEmpresasUITests.xctest */;
			productType = "com.apple.product-type.bundle.ui-testing";
		};
/* End PBXNativeTarget section */

/* Begin PBXProject section */
		FE90F0BB251EB762006F6691 /* Project object */ = {
			isa = PBXProject;
			attributes = {
				LastSwiftUpdateCheck = 1200;
				LastUpgradeCheck = 1200;
				TargetAttributes = {
					FE90F0C2251EB762006F6691 = {
						CreatedOnToolsVersion = 12.0;
					};
					FE90F0D8251EB767006F6691 = {
						CreatedOnToolsVersion = 12.0;
						TestTargetID = FE90F0C2251EB762006F6691;
					};
					FE90F0E3251EB767006F6691 = {
						CreatedOnToolsVersion = 12.0;
						TestTargetID = FE90F0C2251EB762006F6691;
					};
				};
			};
			buildConfigurationList = FE90F0BE251EB762006F6691 /* Build configuration list for PBXProject "AppEmpresas" */;
			compatibilityVersion = "Xcode 9.3";
			developmentRegion = en;
			hasScannedForEncodings = 0;
			knownRegions = (
				en,
				Base,
			);
			mainGroup = FE90F0BA251EB762006F6691;
			productRefGroup = FE90F0C4251EB762006F6691 /* Products */;
			projectDirPath = "";
			projectRoot = "";
			targets = (
				FE90F0C2251EB762006F6691 /* AppEmpresas */,
				FE90F0D8251EB767006F6691 /* AppEmpresasTests */,
				FE90F0E3251EB767006F6691 /* AppEmpresasUITests */,
			);
		};
/* End PBXProject section */

/* Begin PBXResourcesBuildPhase section */
		FE90F0C1251EB762006F6691 /* Resources */ = {
			isa = PBXResourcesBuildPhase;
			buildActionMask = 2147483647;
			files = (
				FE8C54B4251FF1C500AD8CE9 /* AuthViewController.xib in Resources */,
				FE8C550A2520193200AD8CE9 /* Rubik-ExtraBold.ttf in Resources */,
				FE8C55082520193200AD8CE9 /* Rubik-SemiBold.ttf in Resources */,
				FE8C550D2520193200AD8CE9 /* Rubik-LightItalic.ttf in Resources */,
				FE90F0D3251EB767006F6691 /* LaunchScreen.storyboard in Resources */,
				FEB4480825216F8A008D6C1A /* EnterpriseCell.xib in Resources */,
				FE8C55012520193200AD8CE9 /* Rubik-BlackItalic.ttf in Resources */,
				FE8C550B2520193200AD8CE9 /* Rubik-Bold.ttf in Resources */,
				FE9267D825224EEC00884448 /* EnterpriseDetailsViewController.xib in Resources */,
				FEB4476825204580008D6C1A /* LoadingIndicator.xib in Resources */,
				FE8C55042520193200AD8CE9 /* Rubik-ExtraBoldItalic.ttf in Resources */,
				FE90F0D0251EB767006F6691 /* Assets.xcassets in Resources */,
				FE8C55022520193200AD8CE9 /* Rubik-MediumItalic.ttf in Resources */,
				FE8C55062520193200AD8CE9 /* Rubik-BoldItalic.ttf in Resources */,
				FE8C55072520193200AD8CE9 /* Rubik-Italic.ttf in Resources */,
				FE8C55342520253800AD8CE9 /* TextInputView.xib in Resources */,
				FE8C55092520193200AD8CE9 /* Rubik-Black.ttf in Resources */,
				FE8C55052520193200AD8CE9 /* Rubik-Light.ttf in Resources */,
				FE8C550E2520193200AD8CE9 /* Rubik-Regular.ttf in Resources */,
				FE8C550C2520193200AD8CE9 /* Rubik-SemiBoldItalic.ttf in Resources */,
				FEB447DE25215684008D6C1A /* SearchViewController.xib in Resources */,
				FE8C55032520193200AD8CE9 /* Rubik-Medium.ttf in Resources */,
			);
			runOnlyForDeploymentPostprocessing = 0;
		};
		FE90F0D7251EB767006F6691 /* Resources */ = {
			isa = PBXResourcesBuildPhase;
			buildActionMask = 2147483647;
			files = (
			);
			runOnlyForDeploymentPostprocessing = 0;
		};
		FE90F0E2251EB767006F6691 /* Resources */ = {
			isa = PBXResourcesBuildPhase;
			buildActionMask = 2147483647;
			files = (
			);
			runOnlyForDeploymentPostprocessing = 0;
		};
/* End PBXResourcesBuildPhase section */

/* Begin PBXShellScriptBuildPhase section */
		84E355A13EC9D305DE7FED81 /* [CP] Check Pods Manifest.lock */ = {
			isa = PBXShellScriptBuildPhase;
			buildActionMask = 2147483647;
			files = (
			);
			inputFileListPaths = (
			);
			inputPaths = (
				"${PODS_PODFILE_DIR_PATH}/Podfile.lock",
				"${PODS_ROOT}/Manifest.lock",
			);
			name = "[CP] Check Pods Manifest.lock";
			outputFileListPaths = (
			);
			outputPaths = (
				"$(DERIVED_FILE_DIR)/Pods-AppEmpresas-checkManifestLockResult.txt",
			);
			runOnlyForDeploymentPostprocessing = 0;
			shellPath = /bin/sh;
			shellScript = "diff \"${PODS_PODFILE_DIR_PATH}/Podfile.lock\" \"${PODS_ROOT}/Manifest.lock\" > /dev/null\nif [ $? != 0 ] ; then\n    # print error to STDERR\n    echo \"error: The sandbox is not in sync with the Podfile.lock. Run 'pod install' or update your CocoaPods installation.\" >&2\n    exit 1\nfi\n# This output is used by Xcode 'outputs' to avoid re-running this script phase.\necho \"SUCCESS\" > \"${SCRIPT_OUTPUT_FILE_0}\"\n";
			showEnvVarsInLog = 0;
		};
		87A1154D03F9479B2AC45A6D /* [CP] Check Pods Manifest.lock */ = {
			isa = PBXShellScriptBuildPhase;
			buildActionMask = 2147483647;
			files = (
			);
			inputFileListPaths = (
			);
			inputPaths = (
				"${PODS_PODFILE_DIR_PATH}/Podfile.lock",
				"${PODS_ROOT}/Manifest.lock",
			);
			name = "[CP] Check Pods Manifest.lock";
			outputFileListPaths = (
			);
			outputPaths = (
				"$(DERIVED_FILE_DIR)/Pods-AppEmpresas-AppEmpresasUITests-checkManifestLockResult.txt",
			);
			runOnlyForDeploymentPostprocessing = 0;
			shellPath = /bin/sh;
			shellScript = "diff \"${PODS_PODFILE_DIR_PATH}/Podfile.lock\" \"${PODS_ROOT}/Manifest.lock\" > /dev/null\nif [ $? != 0 ] ; then\n    # print error to STDERR\n    echo \"error: The sandbox is not in sync with the Podfile.lock. Run 'pod install' or update your CocoaPods installation.\" >&2\n    exit 1\nfi\n# This output is used by Xcode 'outputs' to avoid re-running this script phase.\necho \"SUCCESS\" > \"${SCRIPT_OUTPUT_FILE_0}\"\n";
			showEnvVarsInLog = 0;
		};
		AB39C040D17B321E3FE99FDF /* [CP] Embed Pods Frameworks */ = {
			isa = PBXShellScriptBuildPhase;
			buildActionMask = 2147483647;
			files = (
			);
			inputFileListPaths = (
				"${PODS_ROOT}/Target Support Files/Pods-AppEmpresas-AppEmpresasUITests/Pods-AppEmpresas-AppEmpresasUITests-frameworks-${CONFIGURATION}-input-files.xcfilelist",
			);
			name = "[CP] Embed Pods Frameworks";
			outputFileListPaths = (
				"${PODS_ROOT}/Target Support Files/Pods-AppEmpresas-AppEmpresasUITests/Pods-AppEmpresas-AppEmpresasUITests-frameworks-${CONFIGURATION}-output-files.xcfilelist",
			);
			runOnlyForDeploymentPostprocessing = 0;
			shellPath = /bin/sh;
			shellScript = "\"${PODS_ROOT}/Target Support Files/Pods-AppEmpresas-AppEmpresasUITests/Pods-AppEmpresas-AppEmpresasUITests-frameworks.sh\"\n";
			showEnvVarsInLog = 0;
		};
		E1FC0276AFB9BE779253E760 /* [CP] Embed Pods Frameworks */ = {
			isa = PBXShellScriptBuildPhase;
			buildActionMask = 2147483647;
			files = (
			);
			inputFileListPaths = (
				"${PODS_ROOT}/Target Support Files/Pods-AppEmpresas/Pods-AppEmpresas-frameworks-${CONFIGURATION}-input-files.xcfilelist",
			);
			name = "[CP] Embed Pods Frameworks";
			outputFileListPaths = (
				"${PODS_ROOT}/Target Support Files/Pods-AppEmpresas/Pods-AppEmpresas-frameworks-${CONFIGURATION}-output-files.xcfilelist",
			);
			runOnlyForDeploymentPostprocessing = 0;
			shellPath = /bin/sh;
			shellScript = "\"${PODS_ROOT}/Target Support Files/Pods-AppEmpresas/Pods-AppEmpresas-frameworks.sh\"\n";
			showEnvVarsInLog = 0;
		};
		FDF440F8E1CF031796237B1B /* [CP] Check Pods Manifest.lock */ = {
			isa = PBXShellScriptBuildPhase;
			buildActionMask = 2147483647;
			files = (
			);
			inputFileListPaths = (
			);
			inputPaths = (
				"${PODS_PODFILE_DIR_PATH}/Podfile.lock",
				"${PODS_ROOT}/Manifest.lock",
			);
			name = "[CP] Check Pods Manifest.lock";
			outputFileListPaths = (
			);
			outputPaths = (
				"$(DERIVED_FILE_DIR)/Pods-AppEmpresasTests-checkManifestLockResult.txt",
			);
			runOnlyForDeploymentPostprocessing = 0;
			shellPath = /bin/sh;
			shellScript = "diff \"${PODS_PODFILE_DIR_PATH}/Podfile.lock\" \"${PODS_ROOT}/Manifest.lock\" > /dev/null\nif [ $? != 0 ] ; then\n    # print error to STDERR\n    echo \"error: The sandbox is not in sync with the Podfile.lock. Run 'pod install' or update your CocoaPods installation.\" >&2\n    exit 1\nfi\n# This output is used by Xcode 'outputs' to avoid re-running this script phase.\necho \"SUCCESS\" > \"${SCRIPT_OUTPUT_FILE_0}\"\n";
			showEnvVarsInLog = 0;
		};
/* End PBXShellScriptBuildPhase section */

/* Begin PBXSourcesBuildPhase section */
		FE90F0BF251EB762006F6691 /* Sources */ = {
			isa = PBXSourcesBuildPhase;
			buildActionMask = 2147483647;
			files = (
				FEB4481725220F3F008D6C1A /* UIViewController+Alert.swift in Sources */,
				FEB447AF2520D323008D6C1A /* AuthInteractor.swift in Sources */,
				FE8C54B3251FF1C500AD8CE9 /* AuthViewController.swift in Sources */,
				FEA3A24A251ECA8B009B4994 /* EnterpriseDataManager.swift in Sources */,
				FE739DC8251F76AA00C3A30E /* Dictionary+Add.swift in Sources */,
				FEB447DD25215684008D6C1A /* SearchViewController.swift in Sources */,
				FEB4477F25204E44008D6C1A /* KeyboardStateListener.swift in Sources */,
				FEB447F5252156EF008D6C1A /* SearchInteractor.swift in Sources */,
				FEB447AA2520D318008D6C1A /* AuthPresenter.swift in Sources */,
				FED8082425227F7800F7F579 /* Protocols.swift in Sources */,
				FEA9B207251FCB72003B1B29 /* AuthRemoteRepositoryProvider.swift in Sources */,
				FEB447842520BF79008D6C1A /* AuthContract.swift in Sources */,
				FEA9B221251FCDEE003B1B29 /* ResponseErrorHandler.swift in Sources */,
				FEB4475525203587008D6C1A /* PasswordTextInputView.swift in Sources */,
				FEA9B1FD251FC866003B1B29 /* AuthServiceProtocols.swift in Sources */,
				FE8C552F252024A900AD8CE9 /* TextInputView.swift in Sources */,
				FE90F0C7251EB762006F6691 /* AppDelegate.swift in Sources */,
				FEA9B202251FCAA6003B1B29 /* AuthDataManager.swift in Sources */,
				FEA9B1F8251FC71B003B1B29 /* AuthAPI.swift in Sources */,
				FEB447C625214547008D6C1A /* String+IsEmpty.swift in Sources */,
				FEA9B20C251FCBD7003B1B29 /* AuthAPIManager.swift in Sources */,
				FEB447E6252156C4008D6C1A /* SearchContract.swift in Sources */,
				FECB3068251F833B00347901 /* Enterprise.swift in Sources */,
				FEB447F0252156E3008D6C1A /* SearchPresenter.swift in Sources */,
				FED8081225227AEC00F7F579 /* EnterpriseDetailsContract.swift in Sources */,
				FEA9B1E1251FB849003B1B29 /* EnterpriseServiceProtocols.swift in Sources */,
				FE90F0C9251EB762006F6691 /* SceneDelegate.swift in Sources */,
				FEA9B216251FCD91003B1B29 /* ResponseError.swift in Sources */,
				FEB4477925204B24008D6C1A /* UIView+Animation.swift in Sources */,
				FE8C54AB251FEE5500AD8CE9 /* AuthPlugin.swift in Sources */,
				FECB3074251F8F1E00347901 /* EnterpriseAPI.swift in Sources */,
				FEA9B1DC251FB7C8003B1B29 /* EnterpriseRemoteRepositoryProvider.swift in Sources */,
				FED8081725227AFD00F7F579 /* EnterpriseDetailsRouter.swift in Sources */,
				FEA9B227251FD105003B1B29 /* AuthResponse.swift in Sources */,
				FEB4476025203C84008D6C1A /* LoadingIndicator.swift in Sources */,
				FE8C54E0252005C000AD8CE9 /* UIView+AddSubviewAndSetupConstraints.swift in Sources */,
				FE8C551825201B8D00AD8CE9 /* UIColor+CustomColors.swift in Sources */,
				FEB447922520C44E008D6C1A /* AuthRouter.swift in Sources */,
				FEB4475A25203794008D6C1A /* EmailTextInputView.swift in Sources */,
				FEB4480725216F8A008D6C1A /* EnterpriseCell.swift in Sources */,
				FEB4479C2520C64B008D6C1A /* RootRouter.swift in Sources */,
				FED8081C25227B0500F7F579 /* EnterpriseDetailsPresenter.swift in Sources */,
				FEA9B1F2251FB8EA003B1B29 /* EnterpriseAPIManager.swift in Sources */,
				FEB448002521665F008D6C1A /* UIViewController+HideKeyboard.swift in Sources */,
				FEB447EB252156D9008D6C1A /* SearchRouter.swift in Sources */,
				FE9267D725224EEC00884448 /* EnterpriseDetailsViewController.swift in Sources */,
				FE363DF8251FDEA600DABE8E /* AuthCredentials.swift in Sources */,
				FE363DF3251FD9D600DABE8E /* AuthKeyChainManager.swift in Sources */,
				FE8C54BF251FF2BE00AD8CE9 /* LoadingView.swift in Sources */,
			);
			runOnlyForDeploymentPostprocessing = 0;
		};
		FE90F0D5251EB767006F6691 /* Sources */ = {
			isa = PBXSourcesBuildPhase;
			buildActionMask = 2147483647;
			files = (
				FE90F0DE251EB767006F6691 /* AppEmpresasTests.swift in Sources */,
			);
			runOnlyForDeploymentPostprocessing = 0;
		};
		FE90F0E0251EB767006F6691 /* Sources */ = {
			isa = PBXSourcesBuildPhase;
			buildActionMask = 2147483647;
			files = (
				FE90F0E9251EB767006F6691 /* AppEmpresasUITests.swift in Sources */,
			);
			runOnlyForDeploymentPostprocessing = 0;
		};
/* End PBXSourcesBuildPhase section */

/* Begin PBXTargetDependency section */
		FE90F0DB251EB767006F6691 /* PBXTargetDependency */ = {
			isa = PBXTargetDependency;
			target = FE90F0C2251EB762006F6691 /* AppEmpresas */;
			targetProxy = FE90F0DA251EB767006F6691 /* PBXContainerItemProxy */;
		};
		FE90F0E6251EB767006F6691 /* PBXTargetDependency */ = {
			isa = PBXTargetDependency;
			target = FE90F0C2251EB762006F6691 /* AppEmpresas */;
			targetProxy = FE90F0E5251EB767006F6691 /* PBXContainerItemProxy */;
		};
/* End PBXTargetDependency section */

/* Begin PBXVariantGroup section */
		FE90F0D1251EB767006F6691 /* LaunchScreen.storyboard */ = {
			isa = PBXVariantGroup;
			children = (
				FE90F0D2251EB767006F6691 /* Base */,
			);
			name = LaunchScreen.storyboard;
			sourceTree = "<group>";
		};
/* End PBXVariantGroup section */

/* Begin XCBuildConfiguration section */
		FE90F0EB251EB767006F6691 /* Debug */ = {
			isa = XCBuildConfiguration;
			buildSettings = {
				ALWAYS_SEARCH_USER_PATHS = NO;
				CLANG_ANALYZER_NONNULL = YES;
				CLANG_ANALYZER_NUMBER_OBJECT_CONVERSION = YES_AGGRESSIVE;
				CLANG_CXX_LANGUAGE_STANDARD = "gnu++14";
				CLANG_CXX_LIBRARY = "libc++";
				CLANG_ENABLE_MODULES = YES;
				CLANG_ENABLE_OBJC_ARC = YES;
				CLANG_ENABLE_OBJC_WEAK = YES;
				CLANG_WARN_BLOCK_CAPTURE_AUTORELEASING = YES;
				CLANG_WARN_BOOL_CONVERSION = YES;
				CLANG_WARN_COMMA = YES;
				CLANG_WARN_CONSTANT_CONVERSION = YES;
				CLANG_WARN_DEPRECATED_OBJC_IMPLEMENTATIONS = YES;
				CLANG_WARN_DIRECT_OBJC_ISA_USAGE = YES_ERROR;
				CLANG_WARN_DOCUMENTATION_COMMENTS = YES;
				CLANG_WARN_EMPTY_BODY = YES;
				CLANG_WARN_ENUM_CONVERSION = YES;
				CLANG_WARN_INFINITE_RECURSION = YES;
				CLANG_WARN_INT_CONVERSION = YES;
				CLANG_WARN_NON_LITERAL_NULL_CONVERSION = YES;
				CLANG_WARN_OBJC_IMPLICIT_RETAIN_SELF = YES;
				CLANG_WARN_OBJC_LITERAL_CONVERSION = YES;
				CLANG_WARN_OBJC_ROOT_CLASS = YES_ERROR;
				CLANG_WARN_QUOTED_INCLUDE_IN_FRAMEWORK_HEADER = YES;
				CLANG_WARN_RANGE_LOOP_ANALYSIS = YES;
				CLANG_WARN_STRICT_PROTOTYPES = YES;
				CLANG_WARN_SUSPICIOUS_MOVE = YES;
				CLANG_WARN_UNGUARDED_AVAILABILITY = YES_AGGRESSIVE;
				CLANG_WARN_UNREACHABLE_CODE = YES;
				CLANG_WARN__DUPLICATE_METHOD_MATCH = YES;
				COPY_PHASE_STRIP = NO;
				DEBUG_INFORMATION_FORMAT = dwarf;
				ENABLE_STRICT_OBJC_MSGSEND = YES;
				ENABLE_TESTABILITY = YES;
				GCC_C_LANGUAGE_STANDARD = gnu11;
				GCC_DYNAMIC_NO_PIC = NO;
				GCC_NO_COMMON_BLOCKS = YES;
				GCC_OPTIMIZATION_LEVEL = 0;
				GCC_PREPROCESSOR_DEFINITIONS = (
					"DEBUG=1",
					"$(inherited)",
				);
				GCC_WARN_64_TO_32_BIT_CONVERSION = YES;
				GCC_WARN_ABOUT_RETURN_TYPE = YES_ERROR;
				GCC_WARN_UNDECLARED_SELECTOR = YES;
				GCC_WARN_UNINITIALIZED_AUTOS = YES_AGGRESSIVE;
				GCC_WARN_UNUSED_FUNCTION = YES;
				GCC_WARN_UNUSED_VARIABLE = YES;
				IPHONEOS_DEPLOYMENT_TARGET = 14.0;
				MTL_ENABLE_DEBUG_INFO = INCLUDE_SOURCE;
				MTL_FAST_MATH = YES;
				ONLY_ACTIVE_ARCH = YES;
				SDKROOT = iphoneos;
				SWIFT_ACTIVE_COMPILATION_CONDITIONS = DEBUG;
				SWIFT_OPTIMIZATION_LEVEL = "-Onone";
			};
			name = Debug;
		};
		FE90F0EC251EB767006F6691 /* Release */ = {
			isa = XCBuildConfiguration;
			buildSettings = {
				ALWAYS_SEARCH_USER_PATHS = NO;
				CLANG_ANALYZER_NONNULL = YES;
				CLANG_ANALYZER_NUMBER_OBJECT_CONVERSION = YES_AGGRESSIVE;
				CLANG_CXX_LANGUAGE_STANDARD = "gnu++14";
				CLANG_CXX_LIBRARY = "libc++";
				CLANG_ENABLE_MODULES = YES;
				CLANG_ENABLE_OBJC_ARC = YES;
				CLANG_ENABLE_OBJC_WEAK = YES;
				CLANG_WARN_BLOCK_CAPTURE_AUTORELEASING = YES;
				CLANG_WARN_BOOL_CONVERSION = YES;
				CLANG_WARN_COMMA = YES;
				CLANG_WARN_CONSTANT_CONVERSION = YES;
				CLANG_WARN_DEPRECATED_OBJC_IMPLEMENTATIONS = YES;
				CLANG_WARN_DIRECT_OBJC_ISA_USAGE = YES_ERROR;
				CLANG_WARN_DOCUMENTATION_COMMENTS = YES;
				CLANG_WARN_EMPTY_BODY = YES;
				CLANG_WARN_ENUM_CONVERSION = YES;
				CLANG_WARN_INFINITE_RECURSION = YES;
				CLANG_WARN_INT_CONVERSION = YES;
				CLANG_WARN_NON_LITERAL_NULL_CONVERSION = YES;
				CLANG_WARN_OBJC_IMPLICIT_RETAIN_SELF = YES;
				CLANG_WARN_OBJC_LITERAL_CONVERSION = YES;
				CLANG_WARN_OBJC_ROOT_CLASS = YES_ERROR;
				CLANG_WARN_QUOTED_INCLUDE_IN_FRAMEWORK_HEADER = YES;
				CLANG_WARN_RANGE_LOOP_ANALYSIS = YES;
				CLANG_WARN_STRICT_PROTOTYPES = YES;
				CLANG_WARN_SUSPICIOUS_MOVE = YES;
				CLANG_WARN_UNGUARDED_AVAILABILITY = YES_AGGRESSIVE;
				CLANG_WARN_UNREACHABLE_CODE = YES;
				CLANG_WARN__DUPLICATE_METHOD_MATCH = YES;
				COPY_PHASE_STRIP = NO;
				DEBUG_INFORMATION_FORMAT = "dwarf-with-dsym";
				ENABLE_NS_ASSERTIONS = NO;
				ENABLE_STRICT_OBJC_MSGSEND = YES;
				GCC_C_LANGUAGE_STANDARD = gnu11;
				GCC_NO_COMMON_BLOCKS = YES;
				GCC_WARN_64_TO_32_BIT_CONVERSION = YES;
				GCC_WARN_ABOUT_RETURN_TYPE = YES_ERROR;
				GCC_WARN_UNDECLARED_SELECTOR = YES;
				GCC_WARN_UNINITIALIZED_AUTOS = YES_AGGRESSIVE;
				GCC_WARN_UNUSED_FUNCTION = YES;
				GCC_WARN_UNUSED_VARIABLE = YES;
				IPHONEOS_DEPLOYMENT_TARGET = 14.0;
				MTL_ENABLE_DEBUG_INFO = NO;
				MTL_FAST_MATH = YES;
				SDKROOT = iphoneos;
				SWIFT_COMPILATION_MODE = wholemodule;
				SWIFT_OPTIMIZATION_LEVEL = "-O";
				VALIDATE_PRODUCT = YES;
			};
			name = Release;
		};
		FE90F0EE251EB767006F6691 /* Debug */ = {
			isa = XCBuildConfiguration;
			baseConfigurationReference = E0E09F424293A3C408EEBE73 /* Pods-AppEmpresas.debug.xcconfig */;
			buildSettings = {
				ASSETCATALOG_COMPILER_APPICON_NAME = AppIcon;
				ASSETCATALOG_COMPILER_GLOBAL_ACCENT_COLOR_NAME = AccentColor;
				CODE_SIGN_STYLE = Automatic;
				DEVELOPMENT_TEAM = 3TBYKSQUS6;
				INFOPLIST_FILE = "$(SRCROOT)/AppEmpresas/SupportingFiles/Info.plist";
				LD_RUNPATH_SEARCH_PATHS = (
					"$(inherited)",
					"@executable_path/Frameworks",
				);
				PRODUCT_BUNDLE_IDENTIFIER = com.limatheusm.AppEmpresas;
				PRODUCT_NAME = "$(TARGET_NAME)";
				SWIFT_VERSION = 5.0;
				TARGETED_DEVICE_FAMILY = "1,2";
			};
			name = Debug;
		};
		FE90F0EF251EB767006F6691 /* Release */ = {
			isa = XCBuildConfiguration;
			baseConfigurationReference = 46A8AAD210DC03E774825B91 /* Pods-AppEmpresas.release.xcconfig */;
			buildSettings = {
				ASSETCATALOG_COMPILER_APPICON_NAME = AppIcon;
				ASSETCATALOG_COMPILER_GLOBAL_ACCENT_COLOR_NAME = AccentColor;
				CODE_SIGN_STYLE = Automatic;
				DEVELOPMENT_TEAM = 3TBYKSQUS6;
				INFOPLIST_FILE = "$(SRCROOT)/AppEmpresas/SupportingFiles/Info.plist";
				LD_RUNPATH_SEARCH_PATHS = (
					"$(inherited)",
					"@executable_path/Frameworks",
				);
				PRODUCT_BUNDLE_IDENTIFIER = com.limatheusm.AppEmpresas;
				PRODUCT_NAME = "$(TARGET_NAME)";
				SWIFT_VERSION = 5.0;
				TARGETED_DEVICE_FAMILY = "1,2";
			};
			name = Release;
		};
		FE90F0F1251EB767006F6691 /* Debug */ = {
			isa = XCBuildConfiguration;
			baseConfigurationReference = 93E8F91714FC6AE3D1F6FF92 /* Pods-AppEmpresasTests.debug.xcconfig */;
			buildSettings = {
				ALWAYS_EMBED_SWIFT_STANDARD_LIBRARIES = YES;
				BUNDLE_LOADER = "$(TEST_HOST)";
				CODE_SIGN_STYLE = Automatic;
				DEVELOPMENT_TEAM = 3TBYKSQUS6;
				INFOPLIST_FILE = AppEmpresasTests/Info.plist;
				IPHONEOS_DEPLOYMENT_TARGET = 14.0;
				LD_RUNPATH_SEARCH_PATHS = (
					"$(inherited)",
					"@executable_path/Frameworks",
					"@loader_path/Frameworks",
				);
				PRODUCT_BUNDLE_IDENTIFIER = com.limatheusm.AppEmpresasTests;
				PRODUCT_NAME = "$(TARGET_NAME)";
				SWIFT_VERSION = 5.0;
				TARGETED_DEVICE_FAMILY = "1,2";
				TEST_HOST = "$(BUILT_PRODUCTS_DIR)/AppEmpresas.app/AppEmpresas";
			};
			name = Debug;
		};
		FE90F0F2251EB767006F6691 /* Release */ = {
			isa = XCBuildConfiguration;
			baseConfigurationReference = 955FEA84A5393FF984A29341 /* Pods-AppEmpresasTests.release.xcconfig */;
			buildSettings = {
				ALWAYS_EMBED_SWIFT_STANDARD_LIBRARIES = YES;
				BUNDLE_LOADER = "$(TEST_HOST)";
				CODE_SIGN_STYLE = Automatic;
				DEVELOPMENT_TEAM = 3TBYKSQUS6;
				INFOPLIST_FILE = AppEmpresasTests/Info.plist;
				IPHONEOS_DEPLOYMENT_TARGET = 14.0;
				LD_RUNPATH_SEARCH_PATHS = (
					"$(inherited)",
					"@executable_path/Frameworks",
					"@loader_path/Frameworks",
				);
				PRODUCT_BUNDLE_IDENTIFIER = com.limatheusm.AppEmpresasTests;
				PRODUCT_NAME = "$(TARGET_NAME)";
				SWIFT_VERSION = 5.0;
				TARGETED_DEVICE_FAMILY = "1,2";
				TEST_HOST = "$(BUILT_PRODUCTS_DIR)/AppEmpresas.app/AppEmpresas";
			};
			name = Release;
		};
		FE90F0F4251EB767006F6691 /* Debug */ = {
			isa = XCBuildConfiguration;
			baseConfigurationReference = 71F803668E9D855F9E4D1854 /* Pods-AppEmpresas-AppEmpresasUITests.debug.xcconfig */;
			buildSettings = {
				ALWAYS_EMBED_SWIFT_STANDARD_LIBRARIES = YES;
				CODE_SIGN_STYLE = Automatic;
				DEVELOPMENT_TEAM = 3TBYKSQUS6;
				INFOPLIST_FILE = AppEmpresasUITests/Info.plist;
				LD_RUNPATH_SEARCH_PATHS = (
					"$(inherited)",
					"@executable_path/Frameworks",
					"@loader_path/Frameworks",
				);
				PRODUCT_BUNDLE_IDENTIFIER = com.limatheusm.AppEmpresasUITests;
				PRODUCT_NAME = "$(TARGET_NAME)";
				SWIFT_VERSION = 5.0;
				TARGETED_DEVICE_FAMILY = "1,2";
				TEST_TARGET_NAME = AppEmpresas;
			};
			name = Debug;
		};
		FE90F0F5251EB767006F6691 /* Release */ = {
			isa = XCBuildConfiguration;
			baseConfigurationReference = 617D7DAE78E7790BE82A1A1F /* Pods-AppEmpresas-AppEmpresasUITests.release.xcconfig */;
			buildSettings = {
				ALWAYS_EMBED_SWIFT_STANDARD_LIBRARIES = YES;
				CODE_SIGN_STYLE = Automatic;
				DEVELOPMENT_TEAM = 3TBYKSQUS6;
				INFOPLIST_FILE = AppEmpresasUITests/Info.plist;
				LD_RUNPATH_SEARCH_PATHS = (
					"$(inherited)",
					"@executable_path/Frameworks",
					"@loader_path/Frameworks",
				);
				PRODUCT_BUNDLE_IDENTIFIER = com.limatheusm.AppEmpresasUITests;
				PRODUCT_NAME = "$(TARGET_NAME)";
				SWIFT_VERSION = 5.0;
				TARGETED_DEVICE_FAMILY = "1,2";
				TEST_TARGET_NAME = AppEmpresas;
			};
			name = Release;
		};
/* End XCBuildConfiguration section */

/* Begin XCConfigurationList section */
		FE90F0BE251EB762006F6691 /* Build configuration list for PBXProject "AppEmpresas" */ = {
			isa = XCConfigurationList;
			buildConfigurations = (
				FE90F0EB251EB767006F6691 /* Debug */,
				FE90F0EC251EB767006F6691 /* Release */,
			);
			defaultConfigurationIsVisible = 0;
			defaultConfigurationName = Release;
		};
		FE90F0ED251EB767006F6691 /* Build configuration list for PBXNativeTarget "AppEmpresas" */ = {
			isa = XCConfigurationList;
			buildConfigurations = (
				FE90F0EE251EB767006F6691 /* Debug */,
				FE90F0EF251EB767006F6691 /* Release */,
			);
			defaultConfigurationIsVisible = 0;
			defaultConfigurationName = Release;
		};
		FE90F0F0251EB767006F6691 /* Build configuration list for PBXNativeTarget "AppEmpresasTests" */ = {
			isa = XCConfigurationList;
			buildConfigurations = (
				FE90F0F1251EB767006F6691 /* Debug */,
				FE90F0F2251EB767006F6691 /* Release */,
			);
			defaultConfigurationIsVisible = 0;
			defaultConfigurationName = Release;
		};
		FE90F0F3251EB767006F6691 /* Build configuration list for PBXNativeTarget "AppEmpresasUITests" */ = {
			isa = XCConfigurationList;
			buildConfigurations = (
				FE90F0F4251EB767006F6691 /* Debug */,
				FE90F0F5251EB767006F6691 /* Release */,
			);
			defaultConfigurationIsVisible = 0;
			defaultConfigurationName = Release;
		};
/* End XCConfigurationList section */
	};
	rootObject = FE90F0BB251EB762006F6691 /* Project object */;
}
